
Microsoft Visual Studio Solution File, Format Version 12.00
# Visual Studio Version 17
VisualStudioVersion = 17.11.35431.28
MinimumVisualStudioVersion = 10.0.40219.1
Project("{9A19103F-16F7-4668-BE54-9A1E7A4F7556}") = "BellmanFord", "BellmanFord\BellmanFord.csproj", "{570D5DBE-F079-466C-9DA3-91E9D93EAEE0}"
EndProject
Project("{9A19103F-16F7-4668-BE54-9A1E7A4F7556}") = "GraphLibrary.Tests", "GraphLibary.Tests\GraphLibrary.Tests.csproj", "{D4E75DE6-4096-4BC7-A3E5-E33E08CB6188}"
EndProject
Global
	GlobalSection(SolutionConfigurationPlatforms) = preSolution
		Debug|Any CPU = Debug|Any CPU
		Release|Any CPU = Release|Any CPU
	EndGlobalSection
	GlobalSection(ProjectConfigurationPlatforms) = postSolution
		{570D5DBE-F079-466C-9DA3-91E9D93EAEE0}.Debug|Any CPU.ActiveCfg = Debug|Any CPU
		{570D5DBE-F079-466C-9DA3-91E9D93EAEE0}.Debug|Any CPU.Build.0 = Debug|Any CPU
		{570D5DBE-F079-466C-9DA3-91E9D93EAEE0}.Release|Any CPU.ActiveCfg = Release|Any CPU
		{570D5DBE-F079-466C-9DA3-91E9D93EAEE0}.Release|Any CPU.Build.0 = Release|Any CPU
		{D4E75DE6-4096-4BC7-A3E5-E33E08CB6188}.Debug|Any CPU.ActiveCfg = Debug|Any CPU
		{D4E75DE6-4096-4BC7-A3E5-E33E08CB6188}.Debug|Any CPU.Build.0 = Debug|Any CPU
		{D4E75DE6-4096-4BC7-A3E5-E33E08CB6188}.Release|Any CPU.ActiveCfg = Release|Any CPU
		{D4E75DE6-4096-4BC7-A3E5-E33E08CB6188}.Release|Any CPU.Build.0 = Release|Any CPU
	EndGlobalSection
	GlobalSection(SolutionProperties) = preSolution
		HideSolutionNode = FALSE
	EndGlobalSection
	GlobalSection(ExtensibilityGlobals) = postSolution
		SolutionGuid = {8CEBF344-3320-4606-A466-3E1454A1FF0B}
	EndGlobalSection
EndGlobal
